// !$*UTF8*$!
{
	archiveVersion = 1;
	classes = {
	};
	objectVersion = 56;
	objects = {

/* Begin PBXBuildFile section */
		15589CA92B9BFB1F00E2351D /* CapFunApp.swift in Sources */ = {isa = PBXBuildFile; fileRef = 15589CA82B9BFB1F00E2351D /* CapFunApp.swift */; };
		15589CAB2B9BFB1F00E2351D /* ContentView.swift in Sources */ = {isa = PBXBuildFile; fileRef = 15589CAA2B9BFB1F00E2351D /* ContentView.swift */; };
		15589CAD2B9BFB2000E2351D /* Assets.xcassets in Resources */ = {isa = PBXBuildFile; fileRef = 15589CAC2B9BFB2000E2351D /* Assets.xcassets */; };
		15589CB02B9BFB2000E2351D /* Preview Assets.xcassets in Resources */ = {isa = PBXBuildFile; fileRef = 15589CAF2B9BFB2000E2351D /* Preview Assets.xcassets */; };
		15589CBA2B9BFB2000E2351D /* CapFunTests.swift in Sources */ = {isa = PBXBuildFile; fileRef = 15589CB92B9BFB2000E2351D /* CapFunTests.swift */; };
		15589CC42B9BFB2000E2351D /* CapFunUITests.swift in Sources */ = {isa = PBXBuildFile; fileRef = 15589CC32B9BFB2000E2351D /* CapFunUITests.swift */; };
		15589CC62B9BFB2000E2351D /* CapFunUITestsLaunchTests.swift in Sources */ = {isa = PBXBuildFile; fileRef = 15589CC52B9BFB2000E2351D /* CapFunUITestsLaunchTests.swift */; };
		15589CD32B9E8E7600E2351D /* CustomButtonView.swift in Sources */ = {isa = PBXBuildFile; fileRef = 15589CD22B9E8E7600E2351D /* CustomButtonView.swift */; };
/* End PBXBuildFile section */

/* Begin PBXContainerItemProxy section */
		15589CB62B9BFB2000E2351D /* PBXContainerItemProxy */ = {
			isa = PBXContainerItemProxy;
			containerPortal = 15589C9D2B9BFB1F00E2351D /* Project object */;
			proxyType = 1;
			remoteGlobalIDString = 15589CA42B9BFB1F00E2351D;
			remoteInfo = CapFun;
		};
		15589CC02B9BFB2000E2351D /* PBXContainerItemProxy */ = {
			isa = PBXContainerItemProxy;
			containerPortal = 15589C9D2B9BFB1F00E2351D /* Project object */;
			proxyType = 1;
			remoteGlobalIDString = 15589CA42B9BFB1F00E2351D;
			remoteInfo = CapFun;
		};
/* End PBXContainerItemProxy section */

/* Begin PBXFileReference section */
		15589CA52B9BFB1F00E2351D /* CapFun.app */ = {isa = PBXFileReference; explicitFileType = wrapper.application; includeInIndex = 0; path = CapFun.app; sourceTree = BUILT_PRODUCTS_DIR; };
		15589CA82B9BFB1F00E2351D /* CapFunApp.swift */ = {isa = PBXFileReference; lastKnownFileType = sourcecode.swift; path = CapFunApp.swift; sourceTree = "<group>"; };
		15589CAA2B9BFB1F00E2351D /* ContentView.swift */ = {isa = PBXFileReference; lastKnownFileType = sourcecode.swift; path = ContentView.swift; sourceTree = "<group>"; };
		15589CAC2B9BFB2000E2351D /* Assets.xcassets */ = {isa = PBXFileReference; lastKnownFileType = folder.assetcatalog; path = Assets.xcassets; sourceTree = "<group>"; };
		15589CAF2B9BFB2000E2351D /* Preview Assets.xcassets */ = {isa = PBXFileReference; lastKnownFileType = folder.assetcatalog; path = "Preview Assets.xcassets"; sourceTree = "<group>"; };
		15589CB52B9BFB2000E2351D /* CapFunTests.xctest */ = {isa = PBXFileReference; explicitFileType = wrapper.cfbundle; includeInIndex = 0; path = CapFunTests.xctest; sourceTree = BUILT_PRODUCTS_DIR; };
		15589CB92B9BFB2000E2351D /* CapFunTests.swift */ = {isa = PBXFileReference; lastKnownFileType = sourcecode.swift; path = CapFunTests.swift; sourceTree = "<group>"; };
		15589CBF2B9BFB2000E2351D /* CapFunUITests.xctest */ = {isa = PBXFileReference; explicitFileType = wrapper.cfbundle; includeInIndex = 0; path = CapFunUITests.xctest; sourceTree = BUILT_PRODUCTS_DIR; };
		15589CC32B9BFB2000E2351D /* CapFunUITests.swift */ = {isa = PBXFileReference; lastKnownFileType = sourcecode.swift; path = CapFunUITests.swift; sourceTree = "<group>"; };
		15589CC52B9BFB2000E2351D /* CapFunUITestsLaunchTests.swift */ = {isa = PBXFileReference; lastKnownFileType = sourcecode.swift; path = CapFunUITestsLaunchTests.swift; sourceTree = "<group>"; };
		15589CD22B9E8E7600E2351D /* CustomButtonView.swift */ = {isa = PBXFileReference; lastKnownFileType = sourcecode.swift; path = CustomButtonView.swift; sourceTree = "<group>"; };
/* End PBXFileReference section */

/* Begin PBXFrameworksBuildPhase section */
		15589CA22B9BFB1F00E2351D /* Frameworks */ = {
			isa = PBXFrameworksBuildPhase;
			buildActionMask = 2147483647;
			files = (
			);
			runOnlyForDeploymentPostprocessing = 0;
		};
		15589CB22B9BFB2000E2351D /* Frameworks */ = {
			isa = PBXFrameworksBuildPhase;
			buildActionMask = 2147483647;
			files = (
			);
			runOnlyForDeploymentPostprocessing = 0;
		};
		15589CBC2B9BFB2000E2351D /* Frameworks */ = {
			isa = PBXFrameworksBuildPhase;
			buildActionMask = 2147483647;
			files = (
			);
			runOnlyForDeploymentPostprocessing = 0;
		};
/* End PBXFrameworksBuildPhase section */

/* Begin PBXGroup section */
		15589C9C2B9BFB1F00E2351D = {
			isa = PBXGroup;
			children = (
				15589CA72B9BFB1F00E2351D /* CapFun */,
				15589CB82B9BFB2000E2351D /* CapFunTests */,
				15589CC22B9BFB2000E2351D /* CapFunUITests */,
				15589CA62B9BFB1F00E2351D /* Products */,
			);
			sourceTree = "<group>";
		};
		15589CA62B9BFB1F00E2351D /* Products */ = {
			isa = PBXGroup;
			children = (
				15589CA52B9BFB1F00E2351D /* CapFun.app */,
				15589CB52B9BFB2000E2351D /* CapFunTests.xctest */,
				15589CBF2B9BFB2000E2351D /* CapFunUITests.xctest */,
			);
			name = Products;
			sourceTree = "<group>";
		};
		15589CA72B9BFB1F00E2351D /* CapFun */ = {
			isa = PBXGroup;
			children = (
				15589CA82B9BFB1F00E2351D /* CapFunApp.swift */,
				15589CAA2B9BFB1F00E2351D /* ContentView.swift */,
				15589CD22B9E8E7600E2351D /* CustomButtonView.swift */,
				15589CAC2B9BFB2000E2351D /* Assets.xcassets */,
				15589CAE2B9BFB2000E2351D /* Preview Content */,
			);
			path = CapFun;
			sourceTree = "<group>";
		};
		15589CAE2B9BFB2000E2351D /* Preview Content */ = {
			isa = PBXGroup;
			children = (
				15589CAF2B9BFB2000E2351D /* Preview Assets.xcassets */,
			);
			path = "Preview Content";
			sourceTree = "<group>";
		};
		15589CB82B9BFB2000E2351D /* CapFunTests */ = {
			isa = PBXGroup;
			children = (
				15589CB92B9BFB2000E2351D /* CapFunTests.swift */,
			);
			path = CapFunTests;
			sourceTree = "<group>";
		};
		15589CC22B9BFB2000E2351D /* CapFunUITests */ = {
			isa = PBXGroup;
			children = (
				15589CC32B9BFB2000E2351D /* CapFunUITests.swift */,
				15589CC52B9BFB2000E2351D /* CapFunUITestsLaunchTests.swift */,
			);
			path = CapFunUITests;
			sourceTree = "<group>";
		};
/* End PBXGroup section */

/* Begin PBXNativeTarget section */
		15589CA42B9BFB1F00E2351D /* CapFun */ = {
			isa = PBXNativeTarget;
			buildConfigurationList = 15589CC92B9BFB2000E2351D /* Build configuration list for PBXNativeTarget "CapFun" */;
			buildPhases = (
				15589CA12B9BFB1F00E2351D /* Sources */,
				15589CA22B9BFB1F00E2351D /* Frameworks */,
				15589CA32B9BFB1F00E2351D /* Resources */,
			);
			buildRules = (
			);
			dependencies = (
			);
			name = CapFun;
			productName = CapFun;
			productReference = 15589CA52B9BFB1F00E2351D /* CapFun.app */;
			productType = "com.apple.product-type.application";
		};
		15589CB42B9BFB2000E2351D /* CapFunTests */ = {
			isa = PBXNativeTarget;
			buildConfigurationList = 15589CCC2B9BFB2000E2351D /* Build configuration list for PBXNativeTarget "CapFunTests" */;
			buildPhases = (
				15589CB12B9BFB2000E2351D /* Sources */,
				15589CB22B9BFB2000E2351D /* Frameworks */,
				15589CB32B9BFB2000E2351D /* Resources */,
			);
			buildRules = (
			);
			dependencies = (
				15589CB72B9BFB2000E2351D /* PBXTargetDependency */,
			);
			name = CapFunTests;
			productName = CapFunTests;
			productReference = 15589CB52B9BFB2000E2351D /* CapFunTests.xctest */;
			productType = "com.apple.product-type.bundle.unit-test";
		};
		15589CBE2B9BFB2000E2351D /* CapFunUITests */ = {
			isa = PBXNativeTarget;
			buildConfigurationList = 15589CCF2B9BFB2000E2351D /* Build configuration list for PBXNativeTarget "CapFunUITests" */;
			buildPhases = (
				15589CBB2B9BFB2000E2351D /* Sources */,
				15589CBC2B9BFB2000E2351D /* Frameworks */,
				15589CBD2B9BFB2000E2351D /* Resources */,
			);
			buildRules = (
			);
			dependencies = (
				15589CC12B9BFB2000E2351D /* PBXTargetDependency */,
			);
			name = CapFunUITests;
			productName = CapFunUITests;
			productReference = 15589CBF2B9BFB2000E2351D /* CapFunUITests.xctest */;
			productType = "com.apple.product-type.bundle.ui-testing";
		};
/* End PBXNativeTarget section */

/* Begin PBXProject section */
		15589C9D2B9BFB1F00E2351D /* Project object */ = {
			isa = PBXProject;
			attributes = {
				BuildIndependentTargetsInParallel = 1;
				LastSwiftUpdateCheck = 1520;
				LastUpgradeCheck = 1520;
				TargetAttributes = {
					15589CA42B9BFB1F00E2351D = {
						CreatedOnToolsVersion = 15.2;
					};
					15589CB42B9BFB2000E2351D = {
						CreatedOnToolsVersion = 15.2;
						TestTargetID = 15589CA42B9BFB1F00E2351D;
					};
					15589CBE2B9BFB2000E2351D = {
						CreatedOnToolsVersion = 15.2;
						TestTargetID = 15589CA42B9BFB1F00E2351D;
					};
				};
			};
			buildConfigurationList = 15589CA02B9BFB1F00E2351D /* Build configuration list for PBXProject "CapFun" */;
			compatibilityVersion = "Xcode 14.0";
			developmentRegion = en;
			hasScannedForEncodings = 0;
			knownRegions = (
				en,
				Base,
			);
			mainGroup = 15589C9C2B9BFB1F00E2351D;
			productRefGroup = 15589CA62B9BFB1F00E2351D /* Products */;
			projectDirPath = "";
			projectRoot = "";
			targets = (
				15589CA42B9BFB1F00E2351D /* CapFun */,
				15589CB42B9BFB2000E2351D /* CapFunTests */,
				15589CBE2B9BFB2000E2351D /* CapFunUITests */,
			);
		};
/* End PBXProject section */

/* Begin PBXResourcesBuildPhase section */
		15589CA32B9BFB1F00E2351D /* Resources */ = {
			isa = PBXResourcesBuildPhase;
			buildActionMask = 2147483647;
			files = (
				15589CB02B9BFB2000E2351D /* Preview Assets.xcassets in Resources */,
				15589CAD2B9BFB2000E2351D /* Assets.xcassets in Resources */,
			);
			runOnlyForDeploymentPostprocessing = 0;
		};
		15589CB32B9BFB2000E2351D /* Resources */ = {
			isa = PBXResourcesBuildPhase;
			buildActionMask = 2147483647;
			files = (
			);
			runOnlyForDeploymentPostprocessing = 0;
		};
		15589CBD2B9BFB2000E2351D /* Resources */ = {
			isa = PBXResourcesBuildPhase;
			buildActionMask = 2147483647;
			files = (
			);
			runOnlyForDeploymentPostprocessing = 0;
		};
/* End PBXResourcesBuildPhase section */

/* Begin PBXSourcesBuildPhase section */
		15589CA12B9BFB1F00E2351D /* Sources */ = {
			isa = PBXSourcesBuildPhase;
			buildActionMask = 2147483647;
			files = (
				15589CD32B9E8E7600E2351D /* CustomButtonView.swift in Sources */,
				15589CAB2B9BFB1F00E2351D /* ContentView.swift in Sources */,
				15589CA92B9BFB1F00E2351D /* CapFunApp.swift in Sources */,
			);
			runOnlyForDeploymentPostprocessing = 0;
		};
		15589CB12B9BFB2000E2351D /* Sources */ = {
			isa = PBXSourcesBuildPhase;
			buildActionMask = 2147483647;
			files = (
				15589CBA2B9BFB2000E2351D /* CapFunTests.swift in Sources */,
			);
			runOnlyForDeploymentPostprocessing = 0;
		};
		15589CBB2B9BFB2000E2351D /* Sources */ = {
			isa = PBXSourcesBuildPhase;
			buildActionMask = 2147483647;
			files = (
				15589CC42B9BFB2000E2351D /* CapFunUITests.swift in Sources */,
				15589CC62B9BFB2000E2351D /* CapFunUITestsLaunchTests.swift in Sources */,
			);
			runOnlyForDeploymentPostprocessing = 0;
		};
/* End PBXSourcesBuildPhase section */

/* Begin PBXTargetDependency section */
		15589CB72B9BFB2000E2351D /* PBXTargetDependency */ = {
			isa = PBXTargetDependency;
			target = 15589CA42B9BFB1F00E2351D /* CapFun */;
			targetProxy = 15589CB62B9BFB2000E2351D /* PBXContainerItemProxy */;
		};
		15589CC12B9BFB2000E2351D /* PBXTargetDependency */ = {
			isa = PBXTargetDependency;
			target = 15589CA42B9BFB1F00E2351D /* CapFun */;
			targetProxy = 15589CC02B9BFB2000E2351D /* PBXContainerItemProxy */;
		};
/* End PBXTargetDependency section */

/* Begin XCBuildConfiguration section */
		15589CC72B9BFB2000E2351D /* Debug */ = {
			isa = XCBuildConfiguration;
			buildSettings = {
				ALWAYS_SEARCH_USER_PATHS = NO;
				ASSETCATALOG_COMPILER_GENERATE_SWIFT_ASSET_SYMBOL_EXTENSIONS = YES;
				CLANG_ANALYZER_NONNULL = YES;
				CLANG_ANALYZER_NUMBER_OBJECT_CONVERSION = YES_AGGRESSIVE;
				CLANG_CXX_LANGUAGE_STANDARD = "gnu++20";
				CLANG_ENABLE_MODULES = YES;
				CLANG_ENABLE_OBJC_ARC = YES;
				CLANG_ENABLE_OBJC_WEAK = YES;
				CLANG_WARN_BLOCK_CAPTURE_AUTORELEASING = YES;
				CLANG_WARN_BOOL_CONVERSION = YES;
				CLANG_WARN_COMMA = YES;
				CLANG_WARN_CONSTANT_CONVERSION = YES;
				CLANG_WARN_DEPRECATED_OBJC_IMPLEMENTATIONS = YES;
				CLANG_WARN_DIRECT_OBJC_ISA_USAGE = YES_ERROR;
				CLANG_WARN_DOCUMENTATION_COMMENTS = YES;
				CLANG_WARN_EMPTY_BODY = YES;
				CLANG_WARN_ENUM_CONVERSION = YES;
				CLANG_WARN_INFINITE_RECURSION = YES;
				CLANG_WARN_INT_CONVERSION = YES;
				CLANG_WARN_NON_LITERAL_NULL_CONVERSION = YES;
				CLANG_WARN_OBJC_IMPLICIT_RETAIN_SELF = YES;
				CLANG_WARN_OBJC_LITERAL_CONVERSION = YES;
				CLANG_WARN_OBJC_ROOT_CLASS = YES_ERROR;
				CLANG_WARN_QUOTED_INCLUDE_IN_FRAMEWORK_HEADER = YES;
				CLANG_WARN_RANGE_LOOP_ANALYSIS = YES;
				CLANG_WARN_STRICT_PROTOTYPES = YES;
				CLANG_WARN_SUSPICIOUS_MOVE = YES;
				CLANG_WARN_UNGUARDED_AVAILABILITY = YES_AGGRESSIVE;
				CLANG_WARN_UNREACHABLE_CODE = YES;
				CLANG_WARN__DUPLICATE_METHOD_MATCH = YES;
				COPY_PHASE_STRIP = NO;
				DEBUG_INFORMATION_FORMAT = dwarf;
				ENABLE_STRICT_OBJC_MSGSEND = YES;
				ENABLE_TESTABILITY = YES;
				ENABLE_USER_SCRIPT_SANDBOXING = YES;
				GCC_C_LANGUAGE_STANDARD = gnu17;
				GCC_DYNAMIC_NO_PIC = NO;
				GCC_NO_COMMON_BLOCKS = YES;
				GCC_OPTIMIZATION_LEVEL = 0;
				GCC_PREPROCESSOR_DEFINITIONS = (
					"DEBUG=1",
					"$(inherited)",
				);
				GCC_WARN_64_TO_32_BIT_CONVERSION = YES;
				GCC_WARN_ABOUT_RETURN_TYPE = YES_ERROR;
				GCC_WARN_UNDECLARED_SELECTOR = YES;
				GCC_WARN_UNINITIALIZED_AUTOS = YES_AGGRESSIVE;
				GCC_WARN_UNUSED_FUNCTION = YES;
				GCC_WARN_UNUSED_VARIABLE = YES;
				IPHONEOS_DEPLOYMENT_TARGET = 17.2;
				LOCALIZATION_PREFERS_STRING_CATALOGS = YES;
				MTL_ENABLE_DEBUG_INFO = INCLUDE_SOURCE;
				MTL_FAST_MATH = YES;
				ONLY_ACTIVE_ARCH = YES;
				SDKROOT = iphoneos;
				SWIFT_ACTIVE_COMPILATION_CONDITIONS = "DEBUG $(inherited)";
				SWIFT_OPTIMIZATION_LEVEL = "-Onone";
			};
			name = Debug;
		};
		15589CC82B9BFB2000E2351D /* Release */ = {
			isa = XCBuildConfiguration;
			buildSettings = {
				ALWAYS_SEARCH_USER_PATHS = NO;
				ASSETCATALOG_COMPILER_GENERATE_SWIFT_ASSET_SYMBOL_EXTENSIONS = YES;
				CLANG_ANALYZER_NONNULL = YES;
				CLANG_ANALYZER_NUMBER_OBJECT_CONVERSION = YES_AGGRESSIVE;
				CLANG_CXX_LANGUAGE_STANDARD = "gnu++20";
				CLANG_ENABLE_MODULES = YES;
				CLANG_ENABLE_OBJC_ARC = YES;
				CLANG_ENABLE_OBJC_WEAK = YES;
				CLANG_WARN_BLOCK_CAPTURE_AUTORELEASING = YES;
				CLANG_WARN_BOOL_CONVERSION = YES;
				CLANG_WARN_COMMA = YES;
				CLANG_WARN_CONSTANT_CONVERSION = YES;
				CLANG_WARN_DEPRECATED_OBJC_IMPLEMENTATIONS = YES;
				CLANG_WARN_DIRECT_OBJC_ISA_USAGE = YES_ERROR;
				CLANG_WARN_DOCUMENTATION_COMMENTS = YES;
				CLANG_WARN_EMPTY_BODY = YES;
				CLANG_WARN_ENUM_CONVERSION = YES;
				CLANG_WARN_INFINITE_RECURSION = YES;
				CLANG_WARN_INT_CONVERSION = YES;
				CLANG_WARN_NON_LITERAL_NULL_CONVERSION = YES;
				CLANG_WARN_OBJC_IMPLICIT_RETAIN_SELF = YES;
				CLANG_WARN_OBJC_LITERAL_CONVERSION = YES;
				CLANG_WARN_OBJC_ROOT_CLASS = YES_ERROR;
				CLANG_WARN_QUOTED_INCLUDE_IN_FRAMEWORK_HEADER = YES;
				CLANG_WARN_RANGE_LOOP_ANALYSIS = YES;
				CLANG_WARN_STRICT_PROTOTYPES = YES;
				CLANG_WARN_SUSPICIOUS_MOVE = YES;
				CLANG_WARN_UNGUARDED_AVAILABILITY = YES_AGGRESSIVE;
				CLANG_WARN_UNREACHABLE_CODE = YES;
				CLANG_WARN__DUPLICATE_METHOD_MATCH = YES;
				COPY_PHASE_STRIP = NO;
				DEBUG_INFORMATION_FORMAT = "dwarf-with-dsym";
				ENABLE_NS_ASSERTIONS = NO;
				ENABLE_STRICT_OBJC_MSGSEND = YES;
				ENABLE_USER_SCRIPT_SANDBOXING = YES;
				GCC_C_LANGUAGE_STANDARD = gnu17;
				GCC_NO_COMMON_BLOCKS = YES;
				GCC_WARN_64_TO_32_BIT_CONVERSION = YES;
				GCC_WARN_ABOUT_RETURN_TYPE = YES_ERROR;
				GCC_WARN_UNDECLARED_SELECTOR = YES;
				GCC_WARN_UNINITIALIZED_AUTOS = YES_AGGRESSIVE;
				GCC_WARN_UNUSED_FUNCTION = YES;
				GCC_WARN_UNUSED_VARIABLE = YES;
				IPHONEOS_DEPLOYMENT_TARGET = 17.2;
				LOCALIZATION_PREFERS_STRING_CATALOGS = YES;
				MTL_ENABLE_DEBUG_INFO = NO;
				MTL_FAST_MATH = YES;
				SDKROOT = iphoneos;
				SWIFT_COMPILATION_MODE = wholemodule;
				VALIDATE_PRODUCT = YES;
			};
			name = Release;
		};
		15589CCA2B9BFB2000E2351D /* Debug */ = {
			isa = XCBuildConfiguration;
			buildSettings = {
				ASSETCATALOG_COMPILER_APPICON_NAME = AppIcon;
				ASSETCATALOG_COMPILER_GLOBAL_ACCENT_COLOR_NAME = AccentColor;
				CODE_SIGN_STYLE = Automatic;
				CURRENT_PROJECT_VERSION = 1;
				DEVELOPMENT_ASSET_PATHS = "\"CapFun/Preview Content\"";
				DEVELOPMENT_TEAM = 9PR2465UJ6;
				ENABLE_PREVIEWS = YES;
				GENERATE_INFOPLIST_FILE = YES;
				INFOPLIST_KEY_UIApplicationSceneManifest_Generation = YES;
				INFOPLIST_KEY_UIApplicationSupportsIndirectInputEvents = YES;
				INFOPLIST_KEY_UILaunchScreen_Generation = YES;
				INFOPLIST_KEY_UISupportedInterfaceOrientations_iPad = "UIInterfaceOrientationPortrait UIInterfaceOrientationPortraitUpsideDown UIInterfaceOrientationLandscapeLeft UIInterfaceOrientationLandscapeRight";
				INFOPLIST_KEY_UISupportedInterfaceOrientations_iPhone = "UIInterfaceOrientationPortrait UIInterfaceOrientationLandscapeLeft UIInterfaceOrientationLandscapeRight";
				LD_RUNPATH_SEARCH_PATHS = (
					"$(inherited)",
					"@executable_path/Frameworks",
				);
				MARKETING_VERSION = 1.0;
				PRODUCT_BUNDLE_IDENTIFIER = sami.samara.CapFun;
				PRODUCT_NAME = "$(TARGET_NAME)";
				SWIFT_EMIT_LOC_STRINGS = YES;
				SWIFT_VERSION = 5.0;
				TARGETED_DEVICE_FAMILY = "1,2";
			};
			name = Debug;
		};
		15589CCB2B9BFB2000E2351D /* Release */ = {
			isa = XCBuildConfiguration;
			buildSettings = {
				ASSETCATALOG_COMPILER_APPICON_NAME = AppIcon;
				ASSETCATALOG_COMPILER_GLOBAL_ACCENT_COLOR_NAME = AccentColor;
				CODE_SIGN_STYLE = Automatic;
				CURRENT_PROJECT_VERSION = 1;
				DEVELOPMENT_ASSET_PATHS = "\"CapFun/Preview Content\"";
				DEVELOPMENT_TEAM = 9PR2465UJ6;
				ENABLE_PREVIEWS = YES;
				GENERATE_INFOPLIST_FILE = YES;
				INFOPLIST_KEY_UIApplicationSceneManifest_Generation = YES;
				INFOPLIST_KEY_UIApplicationSupportsIndirectInputEvents = YES;
				INFOPLIST_KEY_UILaunchScreen_Generation = YES;
				INFOPLIST_KEY_UISupportedInterfaceOrientations_iPad = "UIInterfaceOrientationPortrait UIInterfaceOrientationPortraitUpsideDown UIInterfaceOrientationLandscapeLeft UIInterfaceOrientationLandscapeRight";
				INFOPLIST_KEY_UISupportedInterfaceOrientations_iPhone = "UIInterfaceOrientationPortrait UIInterfaceOrientationLandscapeLeft UIInterfaceOrientationLandscapeRight";
				LD_RUNPATH_SEARCH_PATHS = (
					"$(inherited)",
					"@executable_path/Frameworks",
				);
				MARKETING_VERSION = 1.0;
				PRODUCT_BUNDLE_IDENTIFIER = sami.samara.CapFun;
				PRODUCT_NAME = "$(TARGET_NAME)";
				SWIFT_EMIT_LOC_STRINGS = YES;
				SWIFT_VERSION = 5.0;
				TARGETED_DEVICE_FAMILY = "1,2";
			};
			name = Release;
		};
		15589CCD2B9BFB2000E2351D /* Debug */ = {
			isa = XCBuildConfiguration;
			buildSettings = {
				ALWAYS_EMBED_SWIFT_STANDARD_LIBRARIES = YES;
				BUNDLE_LOADER = "$(TEST_HOST)";
				CODE_SIGN_STYLE = Automatic;
				CURRENT_PROJECT_VERSION = 1;
				DEVELOPMENT_TEAM = 9PR2465UJ6;
				GENERATE_INFOPLIST_FILE = YES;
				IPHONEOS_DEPLOYMENT_TARGET = 17.2;
				MARKETING_VERSION = 1.0;
				PRODUCT_BUNDLE_IDENTIFIER = sami.samara.CapFunTests;
				PRODUCT_NAME = "$(TARGET_NAME)";
				SWIFT_EMIT_LOC_STRINGS = NO;
				SWIFT_VERSION = 5.0;
				TARGETED_DEVICE_FAMILY = "1,2";
				TEST_HOST = "$(BUILT_PRODUCTS_DIR)/CapFun.app/$(BUNDLE_EXECUTABLE_FOLDER_PATH)/CapFun";
			};
			name = Debug;
		};
		15589CCE2B9BFB2000E2351D /* Release */ = {
			isa = XCBuildConfiguration;
			buildSettings = {
				ALWAYS_EMBED_SWIFT_STANDARD_LIBRARIES = YES;
				BUNDLE_LOADER = "$(TEST_HOST)";
				CODE_SIGN_STYLE = Automatic;
				CURRENT_PROJECT_VERSION = 1;
				DEVELOPMENT_TEAM = 9PR2465UJ6;
				GENERATE_INFOPLIST_FILE = YES;
				IPHONEOS_DEPLOYMENT_TARGET = 17.2;
				MARKETING_VERSION = 1.0;
				PRODUCT_BUNDLE_IDENTIFIER = sami.samara.CapFunTests;
				PRODUCT_NAME = "$(TARGET_NAME)";
				SWIFT_EMIT_LOC_STRINGS = NO;
				SWIFT_VERSION = 5.0;
				TARGETED_DEVICE_FAMILY = "1,2";
				TEST_HOST = "$(BUILT_PRODUCTS_DIR)/CapFun.app/$(BUNDLE_EXECUTABLE_FOLDER_PATH)/CapFun";
			};
			name = Release;
		};
		15589CD02B9BFB2000E2351D /* Debug */ = {
			isa = XCBuildConfiguration;
			buildSettings = {
				ALWAYS_EMBED_SWIFT_STANDARD_LIBRARIES = YES;
				CODE_SIGN_STYLE = Automatic;
				CURRENT_PROJECT_VERSION = 1;
				DEVELOPMENT_TEAM = 9PR2465UJ6;
				GENERATE_INFOPLIST_FILE = YES;
				MARKETING_VERSION = 1.0;
				PRODUCT_BUNDLE_IDENTIFIER = sami.samara.CapFunUITests;
				PRODUCT_NAME = "$(TARGET_NAME)";
				SWIFT_EMIT_LOC_STRINGS = NO;
				SWIFT_VERSION = 5.0;
				TARGETED_DEVICE_FAMILY = "1,2";
				TEST_TARGET_NAME = CapFun;
			};
			name = Debug;
		};
		15589CD12B9BFB2000E2351D /* Release */ = {
			isa = XCBuildConfiguration;
			buildSettings = {
				ALWAYS_EMBED_SWIFT_STANDARD_LIBRARIES = YES;
				CODE_SIGN_STYLE = Automatic;
				CURRENT_PROJECT_VERSION = 1;
				DEVELOPMENT_TEAM = 9PR2465UJ6;
				GENERATE_INFOPLIST_FILE = YES;
				MARKETING_VERSION = 1.0;
				PRODUCT_BUNDLE_IDENTIFIER = sami.samara.CapFunUITests;
				PRODUCT_NAME = "$(TARGET_NAME)";
				SWIFT_EMIT_LOC_STRINGS = NO;
				SWIFT_VERSION = 5.0;
				TARGETED_DEVICE_FAMILY = "1,2";
				TEST_TARGET_NAME = CapFun;
			};
			name = Release;
		};
/* End XCBuildConfiguration section */

/* Begin XCConfigurationList section */
		15589CA02B9BFB1F00E2351D /* Build configuration list for PBXProject "CapFun" */ = {
			isa = XCConfigurationList;
			buildConfigurations = (
				15589CC72B9BFB2000E2351D /* Debug */,
				15589CC82B9BFB2000E2351D /* Release */,
			);
			defaultConfigurationIsVisible = 0;
			defaultConfigurationName = Release;
		};
		15589CC92B9BFB2000E2351D /* Build configuration list for PBXNativeTarget "CapFun" */ = {
			isa = XCConfigurationList;
			buildConfigurations = (
				15589CCA2B9BFB2000E2351D /* Debug */,
				15589CCB2B9BFB2000E2351D /* Release */,
			);
			defaultConfigurationIsVisible = 0;
			defaultConfigurationName = Release;
		};
		15589CCC2B9BFB2000E2351D /* Build configuration list for PBXNativeTarget "CapFunTests" */ = {
			isa = XCConfigurationList;
			buildConfigurations = (
				15589CCD2B9BFB2000E2351D /* Debug */,
				15589CCE2B9BFB2000E2351D /* Release */,
			);
			defaultConfigurationIsVisible = 0;
			defaultConfigurationName = Release;
		};
		15589CCF2B9BFB2000E2351D /* Build configuration list for PBXNativeTarget "CapFunUITests" */ = {
			isa = XCConfigurationList;
			buildConfigurations = (
				15589CD02B9BFB2000E2351D /* Debug */,
				15589CD12B9BFB2000E2351D /* Release */,
			);
			defaultConfigurationIsVisible = 0;
			defaultConfigurationName = Release;
		};
/* End XCConfigurationList section */
	};
	rootObject = 15589C9D2B9BFB1F00E2351D /* Project object */;
}
